{
  "name": "neuroassociates.github.io",
  "lockfileVersion": 2,
  "requires": true,
  "packages": {
    "": {
      "dependencies": {
        "seastack": "^0.9.0"
      }
    },
    "node_modules/seastack": {
      "version": "0.9.0",
      "resolved": "https://registry.npmjs.org/seastack/-/seastack-0.9.0.tgz",
      "integrity": "sha512-aPDvT9Kkpx56VGe8tL/SaM6eLd4oSx1+Hfm1cF6oUIoLiIs7SI+hHCXUyQ2i8a71yYRMePMMSCCb7Uutx9/M0Q=="
    }
  },
  "dependencies": {
    "seastack": {
      "version": "0.9.0",
      "resolved": "https://registry.npmjs.org/seastack/-/seastack-0.9.0.tgz",
      "integrity": "sha512-aPDvT9Kkpx56VGe8tL/SaM6eLd4oSx1+Hfm1cF6oUIoLiIs7SI+hHCXUyQ2i8a71yYRMePMMSCCb7Uutx9/M0Q=="
    }
  }
}
